// !$*UTF8*$!
{
    archiveVersion = 1;
    classes = {
    };
    objectVersion = 77;
    objects = {

/* Begin PBXBuildFile section */
        872C17EA3044D82500E713C8 /* ShiftSync Watch app Watch App.app in Embed Watch Content */ = {isa = PBXBuildFile; fileRef = 872C17E03044D82400E713C8 /* ShiftSync Watch app Watch App.app */; settings = {ATTRIBUTES = (RemoveHeadersOnCopy, ); }; };
/* End PBXBuildFile section */

/* Begin PBXContainerItemProxy section */
        872C17E83044D82500E713C8 /* PBXContainerItemProxy */ = {
            isa = PBXContainerItemProxy;
            containerPortal = 87C495F13031006400018655 /* Project object */;
            proxyType = 1;
            remoteGlobalIDString = 872C17DF3044D82400E713C8;
            remoteInfo = "ShiftSync Watch app Watch App";
        };
/* End PBXContainerItemProxy section */

/* Begin PBXCopyFilesBuildPhase section */
        872C17EE3044D82500E713C8 /* Embed Watch Content */ = {
            isa = PBXCopyFilesBuildPhase;
            buildActionMask = 2147483647;
            dstPath = "$(CONTENTS_FOLDER_PATH)/Watch";
            dstSubfolderSpec = 16;
            files = (
                872C17EA3044D82500E713C8 /* ShiftSync Watch app Watch App.app in Embed Watch Content */,
            );
            name = "Embed Watch Content";
            runOnlyForDeploymentPostprocessing = 0;
        };
        872C17F53044D9C200E713C8 /* Embed ExtensionKit Extensions */ = {
            isa = PBXCopyFilesBuildPhase;
            buildActionMask = 2147483647;
            dstPath = "$(EXTENSIONS_FOLDER_PATH)";
            dstSubfolderSpec = 16;
            files = (
            );
            name = "Embed ExtensionKit Extensions";
            runOnlyForDeploymentPostprocessing = 0;
        };
/* End PBXCopyFilesBuildPhase section */

/* Begin PBXFileReference section */
        872C17E03044D82400E713C8 /* ShiftSync Watch app Watch App.app */ = {isa = PBXFileReference; explicitFileType = wrapper.application; includeInIndex = 0; path = "ShiftSync Watch app Watch App.app"; sourceTree = BUILT_PRODUCTS_DIR; };
        87C495F93031006400018655 /* ShiftSync.app */ = {isa = PBXFileReference; explicitFileType = wrapper.application; includeInIndex = 0; path = ShiftSync.app; sourceTree = BUILT_PRODUCTS_DIR; };
/* End PBXFileReference section */

/* Begin PBXFileSystemSynchronizedRootGroup section */
        872C17E13044D82400E713C8 /* ShiftSync Watch app Watch App */ = {
            isa = PBXFileSystemSynchronizedRootGroup;
            path = "ShiftSync Watch app Watch App";
            sourceTree = "<group>";
        };
        87C495FB3031006400018655 /* ShiftSync */ = {
            isa = PBXFileSystemSynchronizedRootGroup;
            path = ShiftSync;
            sourceTree = "<group>";
        };
/* End PBXFileSystemSynchronizedRootGroup section */

/* Begin PBXFrameworksBuildPhase section */
        872C17DD3044D82400E713C8 /* Frameworks */ = {
            isa = PBXFrameworksBuildPhase;
            buildActionMask = 2147483647;
            files = (
            );
            runOnlyForDeploymentPostprocessing = 0;
        };
        87C495F63031006400018655 /* Frameworks */ = {
            isa = PBXFrameworksBuildPhase;
            buildActionMask = 2147483647;
            files = (
            );
            runOnlyForDeploymentPostprocessing = 0;
        };
/* End PBXFrameworksBuildPhase section */

/* Begin PBXGroup section */
        872C17F13044D9C200E713C8 /* Frameworks */ = {
            isa = PBXGroup;
            children = (
            );
            name = Frameworks;
            sourceTree = "<group>";
        };
        87C495F03031006400018655 = {
            isa = PBXGroup;
            children = (
                87C495FB3031006400018655 /* ShiftSync */,
                872C17E13044D82400E713C8 /* ShiftSync Watch app Watch App */,
                872C17F13044D9C200E713C8 /* Frameworks */,
                87C495FA3031006400018655 /* Products */,
            );
            sourceTree = "<group>";
        };
        87C495FA3031006400018655 /* Products */ = {
            isa = PBXGroup;
            children = (
                87C495F93031006400018655 /* ShiftSync.app */,
                872C17E03044D82400E713C8 /* ShiftSync Watch app Watch App.app */,
            );
            name = Products;
            sourceTree = "<group>";
        };
/* End PBXGroup section */

/* Begin PBXNativeTarget section */
        872C17DF3044D82400E713C8 /* ShiftSync Watch app Watch App */ = {
            isa = PBXNativeTarget;
            buildConfigurationList = 872C17EB3044D82500E713C8 /* Build configuration list for PBXNativeTarget "ShiftSync Watch app Watch App" */;
            buildPhases = (
                872C17DC3044D82400E713C8 /* Sources */,
                872C17DD3044D82400E713C8 /* Frameworks */,
                872C17DE3044D82400E713C8 /* Resources */,
                872C17F53044D9C200E713C8 /* Embed ExtensionKit Extensions */,
            );
            buildRules = (
            );
            dependencies = (
            );
            fileSystemSynchronizedGroups = (
                872C17E13044D82400E713C8 /* ShiftSync Watch app Watch App */,
            );
            name = "ShiftSync Watch app Watch App";
            packageProductDependencies = (
            );
            productName = "ShiftSync Watch app Watch App";
            productReference = 872C17E03044D82400E713C8 /* ShiftSync Watch app Watch App.app */;
            productType = "com.apple.product-type.application";
        };
        87C495F83031006400018655 /* ShiftSync */ = {
            isa = PBXNativeTarget;
            buildConfigurationList = 87C496043031006500018655 /* Build configuration list for PBXNativeTarget "ShiftSync" */;
            buildPhases = (
                87C495F53031006400018655 /* Sources */,
                87C495F63031006400018655 /* Frameworks */,
                87C495F73031006400018655 /* Resources */,
                872C17EE3044D82500E713C8 /* Embed Watch Content */,
            );
            buildRules = (
            );
            dependencies = (
                872C17E93044D82500E713C8 /* PBXTargetDependency */,
            );
            fileSystemSynchronizedGroups = (
                87C495FB3031006400018655 /* ShiftSync */,
            );
            name = ShiftSync;
            packageProductDependencies = (
            );
            productName = ShiftSync;
            productReference = 87C495F93031006400018655 /* ShiftSync.app */;
            productType = "com.apple.product-type.application";
        };
/* End PBXNativeTarget section */

/* Begin PBXProject section */
        87C495F13031006400018655 /* Project object */ = {
            isa = PBXProject;
            attributes = {
                BuildIndependentTargetsInParallel = 1;
                LastSwiftUpdateCheck = 2660;
                LastUpgradeCheck = 2660;
                TargetAttributes = {
                    872C17DF3044D82400E713C8 = {
                        CreatedOnToolsVersion = 26.6;
                    };
                    87C495F83031006400018655 = {
                        CreatedOnToolsVersion = 26.6;
                    };
                };
            };
            buildConfigurationList = 87C495F43031006400018655 /* Build configuration list for PBXProject "ShiftSync" */;
            developmentRegion = en;
            hasScannedForEncodings = 0;
            knownRegions = (
                en,
                Base,
            );
            mainGroup = 87C495F03031006400018655;
            minimizedProjectReferenceProxies = 1;
            preferredProjectObjectVersion = 77;
            productRefGroup = 87C495FA3031006400018655 /* Products */;
            projectDirPath = "";
            projectRoot = "";
            targets = (
                87C495F83031006400018655 /* ShiftSync */,
                872C17DF3044D82400E713C8 /* ShiftSync Watch app Watch App */,
            );
        };
/* End PBXProject section */

/* Begin PBXResourcesBuildPhase section */
        872C17DE3044D82400E713C8 /* Resources */ = {
            isa = PBXResourcesBuildPhase;
            buildActionMask = 2147483647;
            files = (
            );
            runOnlyForDeploymentPostprocessing = 0;
        };
        87C495F73031006400018655 /* Resources */ = {
            isa = PBXResourcesBuildPhase;
            buildActionMask = 2147483647;
            files = (
            );
            runOnlyForDeploymentPostprocessing = 0;
        };
/* End PBXResourcesBuildPhase section */

/* Begin PBXSourcesBuildPhase section */
        872C17DC3044D82400E713C8 /* Sources */ = {
            isa = PBXSourcesBuildPhase;
            buildActionMask = 2147483647;
            files = (
            );
            runOnlyForDeploymentPostprocessing = 0;
        };
        87C495F53031006400018655 /* Sources */ = {
            isa = PBXSourcesBuildPhase;
            buildActionMask = 2147483647;
            files = (
            );
            runOnlyForDeploymentPostprocessing = 0;
        };
/* End PBXSourcesBuildPhase section */

/* Begin PBXTargetDependency section */
        872C17E93044D82500E713C8 /* PBXTargetDependency */ = {
            isa = PBXTargetDependency;
            target = 872C17DF3044D82400E713C8 /* ShiftSync Watch app Watch App */;
            targetProxy = 872C17E83044D82500E713C8 /* PBXContainerItemProxy */;
        };
/* End PBXTargetDependency section */

/* Begin XCBuildConfiguration section */
        872C17EC3044D82500E713C8 /* Debug */ = {
            isa = XCBuildConfiguration;
            buildSettings = {
                ASSETCATALOG_COMPILER_APPICON_NAME = AppIcon;
                ASSETCATALOG_COMPILER_GLOBAL_ACCENT_COLOR_NAME = AccentColor;
                CODE_SIGN_STYLE = Automatic;
                CURRENT_PROJECT_VERSION = 1;
                DEVELOPMENT_TEAM = 4265T83X2G;
                ENABLE_PREVIEWS = YES;
                GENERATE_INFOPLIST_FILE = YES;
                INFOPLIST_KEY_CFBundleDisplayName = "ShiftSync Watch app";
                INFOPLIST_KEY_UISupportedInterfaceOrientations = "UIInterfaceOrientationPortrait UIInterfaceOrientationPortraitUpsideDown";
                INFOPLIST_KEY_WKCompanionAppBundleIdentifier = com0.ShiftSync;
                LD_RUNPATH_SEARCH_PATHS = (
                    "$(inherited)",
                    "@executable_path/Frameworks",
                );
                MARKETING_VERSION = 1.0;
                PRODUCT_BUNDLE_IDENTIFIER = com0.ShiftSync.watchkitapp;
                PRODUCT_NAME = "$(TARGET_NAME)";
                SDKROOT = watchos;
                SKIP_INSTALL = YES;
                STRING_CATALOG_GENERATE_SYMBOLS = YES;
                SWIFT_APPROACHABLE_CONCURRENCY = YES;
                SWIFT_DEFAULT_ACTOR_ISOLATION = MainActor;
                SWIFT_EMIT_LOC_STRINGS = YES;
                SWIFT_UPCOMING_FEATURE_MEMBER_IMPORT_VISIBILITY = YES;
                SWIFT_VERSION = 5.0;
                TARGETED_DEVICE_FAMILY = 4;
                WATCHOS_DEPLOYMENT_TARGET = 26.5;
            };
            name = Debug;
        };
        872C17ED3044D82500E713C8 /* Release */ = {
            isa = XCBuildConfiguration;
            buildSettings = {
                ASSETCATALOG_COMPILER_APPICON_NAME = AppIcon;
                ASSETCATALOG_COMPILER_GLOBAL_ACCENT_COLOR_NAME = AccentColor;
                CODE_SIGN_STYLE = Automatic;
                CURRENT_PROJECT_VERSION = 1;
                DEVELOPMENT_TEAM = 4265T83X2G;
                ENABLE_PREVIEWS = YES;
                GENERATE_INFOPLIST_FILE = YES;
                INFOPLIST_KEY_CFBundleDisplayName = "ShiftSync Watch app";
                INFOPLIST_KEY_UISupportedInterfaceOrientations = "UIInterfaceOrientationPortrait UIInterfaceOrientationPortraitUpsideDown";
                INFOPLIST_KEY_WKCompanionAppBundleIdentifier = com0.ShiftSync;
                LD_RUNPATH_SEARCH_PATHS = (
                    "$(inherited)",
                    "@executable_path/Frameworks",
                );
                MARKETING_VERSION = 1.0;
                PRODUCT_BUNDLE_IDENTIFIER = com0.ShiftSync.watchkitapp;
                PRODUCT_NAME = "$(TARGET_NAME)";
                SDKROOT = watchos;
                SKIP_INSTALL = YES;
                STRING_CATALOG_GENERATE_SYMBOLS = YES;
                SWIFT_APPROACHABLE_CONCURRENCY = YES;
                SWIFT_DEFAULT_ACTOR_ISOLATION = MainActor;
                SWIFT_EMIT_LOC_STRINGS = YES;
                SWIFT_UPCOMING_FEATURE_MEMBER_IMPORT_VISIBILITY = YES;
                SWIFT_VERSION = 5.0;
                TARGETED_DEVICE_FAMILY = 4;
                VALIDATE_PRODUCT = YES;
                WATCHOS_DEPLOYMENT_TARGET = 26.5;
            };
            name = Release;
        };
        87C496023031006500018655 /* Debug */ = {
            isa = XCBuildConfiguration;
            buildSettings = {
                ALWAYS_SEARCH_USER_PATHS = NO;
                ASSETCATALOG_COMPILER_GENERATE_SWIFT_ASSET_SYMBOL_EXTENSIONS = YES;
                CLANG_ANALYZER_NONNULL = YES;
                CLANG_ANALYZER_NUMBER_OBJECT_CONVERSION = YES_AGGRESSIVE;
                CLANG_CXX_LANGUAGE_STANDARD = "gnu++20";
                CLANG_ENABLE_MODULES = YES;
                CLANG_ENABLE_OBJC_ARC = YES;
                CLANG_ENABLE_OBJC_WEAK = YES;
                CLANG_WARN_BLOCK_CAPTURE_AUTORELEASING = YES;
                CLANG_WARN_BOOL_CONVERSION = YES;
                CLANG_WARN_COMMA = YES;
                CLANG_WARN_CONSTANT_CONVERSION = YES;
                CLANG_WARN_DEPRECATED_OBJC_IMPLEMENTATIONS = YES;
                CLANG_WARN_DIRECT_OBJC_ISA_USAGE = YES_ERROR;
                CLANG_WARN_DOCUMENTATION_COMMENTS = YES;
                CLANG_WARN_EMPTY_BODY = YES;
                CLANG_WARN_ENUM_CONVERSION = YES;
                CLANG_WARN_INFINITE_RECURSION = YES;
                CLANG_WARN_INT_CONVERSION = YES;
                CLANG_WARN_NON_LITERAL_NULL_CONVERSION = YES;
                CLANG_WARN_OBJC_IMPLICIT_RETAIN_SELF = YES;
                CLANG_WARN_OBJC_LITERAL_CONVERSION = YES;
                CLANG_WARN_OBJC_ROOT_CLASS = YES_ERROR;
                CLANG_WARN_QUOTED_INCLUDE_IN_FRAMEWORK_HEADER = YES;
                CLANG_WARN_RANGE_LOOP_ANALYSIS = YES;
                CLANG_WARN_STRICT_PROTOTYPES = YES;
                CLANG_WARN_SUSPICIOUS_MOVE = YES;
                CLANG_WARN_UNGUARDED_AVAILABILITY = YES_AGGRESSIVE;
                CLANG_WARN_UNREACHABLE_CODE = YES;
                CLANG_WARN__DUPLICATE_METHOD_MATCH = YES;
                COPY_PHASE_STRIP = NO;
                DEBUG_INFORMATION_FORMAT = dwarf;
                ENABLE_STRICT_OBJC_MSGSEND = YES;
                ENABLE_TESTABILITY = YES;
                ENABLE_USER_SCRIPT_SANDBOXING = YES;
                GCC_C_LANGUAGE_STANDARD = gnu17;
                GCC_DYNAMIC_NO_PIC = NO;
                GCC_NO_COMMON_BLOCKS = YES;
                GCC_OPTIMIZATION_LEVEL = 0;
                GCC_PREPROCESSOR_DEFINITIONS = (
                    "DEBUG=1",
                    "$(inherited)",
                );
                GCC_WARN_64_TO_32_BIT_CONVERSION = YES;
                GCC_WARN_ABOUT_RETURN_TYPE = YES_ERROR;
                GCC_WARN_UNDECLARED_SELECTOR = YES;
                GCC_WARN_UNINITIALIZED_AUTOS = YES_AGGRESSIVE;
                GCC_WARN_UNUSED_FUNCTION = YES;
                GCC_WARN_UNUSED_VARIABLE = YES;
                LOCALIZATION_PREFERS_STRING_CATALOGS = YES;
                MTL_ENABLE_DEBUG_INFO = INCLUDE_SOURCE;
                MTL_FAST_MATH = YES;
                ONLY_ACTIVE_ARCH = YES;
                SWIFT_ACTIVE_COMPILATION_CONDITIONS = "DEBUG $(inherited)";
                SWIFT_OPTIMIZATION_LEVEL = "-Onone";
            };
            name = Debug;
        };
        87C496033031006500018655 /* Release */ = {
            isa = XCBuildConfiguration;
            buildSettings = {
                ALWAYS_SEARCH_USER_PATHS = NO;
                ASSETCATALOG_COMPILER_GENERATE_SWIFT_ASSET_SYMBOL_EXTENSIONS = YES;
                CLANG_ANALYZER_NONNULL = YES;
                CLANG_ANALYZER_NUMBER_OBJECT_CONVERSION = YES_AGGRESSIVE;
                CLANG_CXX_LANGUAGE_STANDARD = "gnu++20";
                CLANG_ENABLE_MODULES = YES;
                CLANG_ENABLE_OBJC_ARC = YES;
                CLANG_ENABLE_OBJC_WEAK = YES;
                CLANG_WARN_BLOCK_CAPTURE_AUTORELEASING = YES;
                CLANG_WARN_BOOL_CONVERSION = YES;
                CLANG_WARN_COMMA = YES;
                CLANG_WARN_CONSTANT_CONVERSION = YES;
                CLANG_WARN_DEPRECATED_OBJC_IMPLEMENTATIONS = YES;
                CLANG_WARN_DIRECT_OBJC_ISA_USAGE = YES_ERROR;
                CLANG_WARN_DOCUMENTATION_COMMENTS = YES;
                CLANG_WARN_EMPTY_BODY = YES;
                CLANG_WARN_ENUM_CONVERSION = YES;
                CLANG_WARN_INFINITE_RECURSION = YES;
                CLANG_WARN_INT_CONVERSION = YES;
                CLANG_WARN_NON_LITERAL_NULL_CONVERSION = YES;
                CLANG_WARN_OBJC_IMPLICIT_RETAIN_SELF = YES;
                CLANG_WARN_OBJC_LITERAL_CONVERSION = YES;
                CLANG_WARN_OBJC_ROOT_CLASS = YES_ERROR;
                CLANG_WARN_QUOTED_INCLUDE_IN_FRAMEWORK_HEADER = YES;
                CLANG_WARN_RANGE_LOOP_ANALYSIS = YES;
                CLANG_WARN_STRICT_PROTOTYPES = YES;
                CLANG_WARN_SUSPICIOUS_MOVE = YES;
                CLANG_WARN_UNGUARDED_AVAILABILITY = YES_AGGRESSIVE;
                CLANG_WARN_UNREACHABLE_CODE = YES;
                CLANG_WARN__DUPLICATE_METHOD_MATCH = YES;
                COPY_PHASE_STRIP = NO;
                DEBUG_INFORMATION_FORMAT = "dwarf-with-dsym";
                ENABLE_NS_ASSERTIONS = NO;
                ENABLE_STRICT_OBJC_MSGSEND = YES;
                ENABLE_USER_SCRIPT_SANDBOXING = YES;
                GCC_C_LANGUAGE_STANDARD = gnu17;
                GCC_NO_COMMON_BLOCKS = YES;
                GCC_WARN_64_TO_32_BIT_CONVERSION = YES;
                GCC_WARN_ABOUT_RETURN_TYPE = YES_ERROR;
                GCC_WARN_UNDECLARED_SELECTOR = YES;
                GCC_WARN_UNINITIALIZED_AUTOS = YES_AGGRESSIVE;
                GCC_WARN_UNUSED_FUNCTION = YES;
                GCC_WARN_UNUSED_VARIABLE = YES;
                LOCALIZATION_PREFERS_STRING_CATALOGS = YES;
                MTL_ENABLE_DEBUG_INFO = NO;
                MTL_FAST_MATH = YES;
                SWIFT_COMPILATION_MODE = wholemodule;
            };
            name = Release;
        };
        87C496053031006500018655 /* Debug */ = {
            isa = XCBuildConfiguration;
            buildSettings = {
                ASSETCATALOG_COMPILER_APPICON_NAME = AppIcon;
                ASSETCATALOG_COMPILER_GLOBAL_ACCENT_COLOR_NAME = AccentColor;
                CODE_SIGN_STYLE = Automatic;
                CURRENT_PROJECT_VERSION = 1;
                DEVELOPMENT_TEAM = 4265T83X2G;
                ENABLE_PREVIEWS = YES;
                GENERATE_INFOPLIST_FILE = YES;
                INFOPLIST_KEY_NSLocationAlwaysAndWhenInUseUsageDescription = "ShiftSync monitors your workplace to notify you when you arrive or leave.";
                INFOPLIST_KEY_NSLocationAlwaysUsageDescription = "ShiftSync needs background location to send shift notifications when the app is closed.";
                INFOPLIST_KEY_NSLocationWhenInUseUsageDescription = "ShiftSync uses your location to detect when you arrive at or leave your workplace.";
                "INFOPLIST_KEY_UIApplicationSceneManifest_Generation[sdk=iphoneos*]" = YES;
                "INFOPLIST_KEY_UIApplicationSceneManifest_Generation[sdk=iphonesimulator*]" = YES;
                "INFOPLIST_KEY_UIApplicationSupportsIndirectInputEvents[sdk=iphoneos*]" = YES;
                "INFOPLIST_KEY_UIApplicationSupportsIndirectInputEvents[sdk=iphonesimulator*]" = YES;
                INFOPLIST_KEY_UIBackgroundModes = location;
                "INFOPLIST_KEY_UILaunchScreen_Generation[sdk=iphoneos*]" = YES;
                "INFOPLIST_KEY_UILaunchScreen_Generation[sdk=iphonesimulator*]" = YES;
                "INFOPLIST_KEY_UIStatusBarStyle[sdk=iphoneos*]" = UIStatusBarStyleDefault;
                "INFOPLIST_KEY_UIStatusBarStyle[sdk=iphonesimulator*]" = UIStatusBarStyleDefault;
                INFOPLIST_KEY_UISupportedInterfaceOrientations_iPad = "UIInterfaceOrientationPortrait UIInterfaceOrientationPortraitUpsideDown UIInterfaceOrientationLandscapeLeft UIInterfaceOrientationLandscapeRight";
                INFOPLIST_KEY_UISupportedInterfaceOrientations_iPhone = "UIInterfaceOrientationPortrait UIInterfaceOrientationLandscapeLeft UIInterfaceOrientationLandscapeRight";
                IPHONEOS_DEPLOYMENT_TARGET = 26.5;
                LD_RUNPATH_SEARCH_PATHS = "@executable_path/Frameworks";
                MARKETING_VERSION = 1.0;
                PRODUCT_BUNDLE_IDENTIFIER = com0.ShiftSync;
                PRODUCT_NAME = "$(TARGET_NAME)";
                SDKROOT = iphoneos;
                STRING_CATALOG_GENERATE_SYMBOLS = YES;
                SWIFT_APPROACHABLE_CONCURRENCY = YES;
                SWIFT_DEFAULT_ACTOR_ISOLATION = MainActor;
                SWIFT_EMIT_LOC_STRINGS = YES;
                SWIFT_UPCOMING_FEATURE_MEMBER_IMPORT_VISIBILITY = YES;
                SWIFT_VERSION = 5.0;
                TARGETED_DEVICE_FAMILY = "1,2";
            };
            name = Debug;
        };
        87C496063031006500018655 /* Release */ = {
            isa = XCBuildConfiguration;
            buildSettings = {
                ASSETCATALOG_COMPILER_APPICON_NAME = AppIcon;
                ASSETCATALOG_COMPILER_GLOBAL_ACCENT_COLOR_NAME = AccentColor;
                CODE_SIGN_STYLE = Automatic;
                CURRENT_PROJECT_VERSION = 1;
                DEVELOPMENT_TEAM = 4265T83X2G;
                ENABLE_PREVIEWS = YES;
                GENERATE_INFOPLIST_FILE = YES;
                INFOPLIST_KEY_NSLocationAlwaysAndWhenInUseUsageDescription = "ShiftSync monitors your workplace to notify you when you arrive or leave.";
                INFOPLIST_KEY_NSLocationAlwaysUsageDescription = "ShiftSync needs background location to send shift notifications when the app is closed.";
                INFOPLIST_KEY_NSLocationWhenInUseUsageDescription = "ShiftSync uses your location to detect when you arrive at or leave your workplace.";
                "INFOPLIST_KEY_UIApplicationSceneManifest_Generation[sdk=iphoneos*]" = YES;
                "INFOPLIST_KEY_UIApplicationSceneManifest_Generation[sdk=iphonesimulator*]" = YES;
                "INFOPLIST_KEY_UIApplicationSupportsIndirectInputEvents[sdk=iphoneos*]" = YES;
                "INFOPLIST_KEY_UIApplicationSupportsIndirectInputEvents[sdk=iphonesimulator*]" = YES;
                INFOPLIST_KEY_UIBackgroundModes = location;
                "INFOPLIST_KEY_UILaunchScreen_Generation[sdk=iphoneos*]" = YES;
                "INFOPLIST_KEY_UILaunchScreen_Generation[sdk=iphonesimulator*]" = YES;
                "INFOPLIST_KEY_UIStatusBarStyle[sdk=iphoneos*]" = UIStatusBarStyleDefault;
                "INFOPLIST_KEY_UIStatusBarStyle[sdk=iphonesimulator*]" = UIStatusBarStyleDefault;
                INFOPLIST_KEY_UISupportedInterfaceOrientations_iPad = "UIInterfaceOrientationPortrait UIInterfaceOrientationPortraitUpsideDown UIInterfaceOrientationLandscapeLeft UIInterfaceOrientationLandscapeRight";
                INFOPLIST_KEY_UISupportedInterfaceOrientations_iPhone = "UIInterfaceOrientationPortrait UIInterfaceOrientationLandscapeLeft UIInterfaceOrientationLandscapeRight";
                IPHONEOS_DEPLOYMENT_TARGET = 26.5;
                LD_RUNPATH_SEARCH_PATHS = "@executable_path/Frameworks";
                MARKETING_VERSION = 1.0;
                PRODUCT_BUNDLE_IDENTIFIER = com0.ShiftSync;
                PRODUCT_NAME = "$(TARGET_NAME)";
                SDKROOT = iphoneos;
                STRING_CATALOG_GENERATE_SYMBOLS = YES;
                SWIFT_APPROACHABLE_CONCURRENCY = YES;
                SWIFT_DEFAULT_ACTOR_ISOLATION = MainActor;
                SWIFT_EMIT_LOC_STRINGS = YES;
                SWIFT_UPCOMING_FEATURE_MEMBER_IMPORT_VISIBILITY = YES;
                SWIFT_VERSION = 5.0;
                TARGETED_DEVICE_FAMILY = "1,2";
            };
            name = Release;
        };
/* End XCBuildConfiguration section */

/* Begin XCConfigurationList section */
        872C17EB3044D82500E713C8 /* Build configuration list for PBXNativeTarget "ShiftSync Watch app Watch App" */ = {
            isa = XCConfigurationList;
            buildConfigurations = (
                872C17EC3044D82500E713C8 /* Debug */,
                872C17ED3044D82500E713C8 /* Release */,
            );
            defaultConfigurationIsVisible = 0;
            defaultConfigurationName = Release;
        };
        87C495F43031006400018655 /* Build configuration list for PBXProject "ShiftSync" */ = {
            isa = XCConfigurationList;
            buildConfigurations = (
                87C496023031006500018655 /* Debug */,
                87C496033031006500018655 /* Release */,
            );
            defaultConfigurationIsVisible = 0;
            defaultConfigurationName = Release;
        };
        87C496043031006500018655 /* Build configuration list for PBXNativeTarget "ShiftSync" */ = {
            isa = XCConfigurationList;
            buildConfigurations = (
                87C496053031006500018655 /* Debug */,
                87C496063031006500018655 /* Release */,
            );
            defaultConfigurationIsVisible = 0;
            defaultConfigurationName = Release;
        };
/* End XCConfigurationList section */
    };
    rootObject = 87C495F13031006400018655 /* Project object */;
}
